
Microsoft Visual Studio Solution File, Format Version 12.00
# Visual Studio 15
VisualStudioVersion = 15.0.27004.2002
MinimumVisualStudioVersion = 10.0.40219.1
Project("{FAE04EC0-301F-11D3-BF4B-00C04F79EFBC}") = "Oracle", "Oracle\Oracle.csproj", "{62E622B8-68DD-4C7F-AC00-E55C7BDEC4CF}"
EndProject
Project("{FAE04EC0-301F-11D3-BF4B-00C04F79EFBC}") = "Entidades", "Entidades\Entidades.csproj", "{8E07A4E3-2062-4DEA-9674-E0DCB701EDDE}"
EndProject
Global
	GlobalSection(SolutionConfigurationPlatforms) = preSolution
		Debug|Any CPU = Debug|Any CPU
		Release|Any CPU = Release|Any CPU
	EndGlobalSection
	GlobalSection(ProjectConfigurationPlatforms) = postSolution
		{62E622B8-68DD-4C7F-AC00-E55C7BDEC4CF}.Debug|Any CPU.ActiveCfg = Debug|Any CPU
		{62E622B8-68DD-4C7F-AC00-E55C7BDEC4CF}.Debug|Any CPU.Build.0 = Debug|Any CPU
		{62E622B8-68DD-4C7F-AC00-E55C7BDEC4CF}.Release|Any CPU.ActiveCfg = Release|Any CPU
		{62E622B8-68DD-4C7F-AC00-E55C7BDEC4CF}.Release|Any CPU.Build.0 = Release|Any CPU
		{8E07A4E3-2062-4DEA-9674-E0DCB701EDDE}.Debug|Any CPU.ActiveCfg = Debug|Any CPU
		{8E07A4E3-2062-4DEA-9674-E0DCB701EDDE}.Debug|Any CPU.Build.0 = Debug|Any CPU
		{8E07A4E3-2062-4DEA-9674-E0DCB701EDDE}.Release|Any CPU.ActiveCfg = Release|Any CPU
		{8E07A4E3-2062-4DEA-9674-E0DCB701EDDE}.Release|Any CPU.Build.0 = Release|Any CPU
	EndGlobalSection
	GlobalSection(SolutionProperties) = preSolution
		HideSolutionNode = FALSE
	EndGlobalSection
	GlobalSection(ExtensibilityGlobals) = postSolution
		SolutionGuid = {A9AE7D86-9563-4032-BB7A-3D965F89B2C1}
	EndGlobalSection
EndGlobal
